
Microsoft Visual Studio Solution File, Format Version 10.00
# Visual Studio 2008
Project("{8BC9CEB8-8B4A-11D0-8D11-00A0C91BC942}") = "HexEditVS2008", "HexEditVS2008.vcproj", "{C4CC0564-D6ED-4341-8C04-3AA9F8D571F5}"
EndProject

Global
	GlobalSection(SolutionConfigurationPlatforms) = preSolution
		Debug|Win32 = Debug|Win32
		Release|Win32 = Release|Win32
		Unicode Debug|Win32 = Unicode Debug|Win32
		Unicode Release|Win32 = Unicode Release|Win32
	EndGlobalSection
	GlobalSection(ProjectConfigurationPlatforms) = postSolution
		{C4CC0564-D6ED-4341-8C04-3AA9F8D571F5}.Debug|Win32.ActiveCfg = Debug|Win32
		{C4CC0564-D6ED-4341-8C04-3AA9F8D571F5}.Debug|Win32.Build.0 = Debug|Win32
		{C4CC0564-D6ED-4341-8C04-3AA9F8D571F5}.Release|Win32.ActiveCfg = Release|Win32
		{C4CC0564-D6ED-4341-8C04-3AA9F8D571F5}.Release|Win32.Build.0 = Release|Win32
		{C4CC0564-D6ED-4341-8C04-3AA9F8D571F5}.Unicode Debug|Win32.ActiveCfg = Debug|Win32
		{C4CC0564-D6ED-4341-8C04-3AA9F8D571F5}.Unicode Debug|Win32.Build.0 = Debug|Win32
		{C4CC0564-D6ED-4341-8C04-3AA9F8D571F5}.Unicode Release|Win32.ActiveCfg = Release|Win32
		{C4CC0564-D6ED-4341-8C04-3AA9F8D571F5}.Unicode Release|Win32.Build.0 = Release|Win32
	EndGlobalSection
	GlobalSection(SolutionProperties) = preSolution
		HideSolutionNode = FALSE
	EndGlobalSection
	GlobalSection(DPCodeReviewSolutionGUID) = preSolution
		DPCodeReviewSolutionGUID = {00000000-0000-0000-0000-000000000000}
	EndGlobalSection
EndGlobal
