
Microsoft Visual Studio Solution File, Format Version 11.00
# Visual Studio 2010
Project("{8BC9CEB8-8B4A-11D0-8D11-00A0C91BC942}") = "HexEditVS2010", "HexEditVS2010.vcxproj", "{C4CC0564-D6ED-4341-8C04-3AA9F8D571F5}"
EndProject
Project("{8BC9CEB8-8B4A-11D0-8D11-00A0C91BC942}") = "TaskbarDemo", "..\..\..\tmp\web\TaskbarDemo_Solution\TaskbarDemo\TaskbarDemo.vcxproj", "{2B9553BD-8A28-4462-B4B9-A66F9965B627}"
EndProject
Project("{8BC9CEB8-8B4A-11D0-8D11-00A0C91BC942}") = "RegistrationHelper", "..\..\..\tmp\web\TaskbarDemo_Solution\RegistrationHelper\RegistrationHelper.vcxproj", "{693C04BF-0B38-4CDE-857F-789F135CD35F}"
EndProject
Project("{8BC9CEB8-8B4A-11D0-8D11-00A0C91BC942}") = "RegHelper", "RegHelper\RegHelper.vcxproj", "{01264AF0-9956-4647-B202-743CCCACD18C}"
EndProject
Global
	GlobalSection(SolutionConfigurationPlatforms) = preSolution
		Debug|Win32 = Debug|Win32
		Release|Win32 = Release|Win32
	EndGlobalSection
	GlobalSection(ProjectConfigurationPlatforms) = postSolution
		{C4CC0564-D6ED-4341-8C04-3AA9F8D571F5}.Debug|Win32.ActiveCfg = Debug|Win32
		{C4CC0564-D6ED-4341-8C04-3AA9F8D571F5}.Debug|Win32.Build.0 = Debug|Win32
		{C4CC0564-D6ED-4341-8C04-3AA9F8D571F5}.Release|Win32.ActiveCfg = Release|Win32
		{C4CC0564-D6ED-4341-8C04-3AA9F8D571F5}.Release|Win32.Build.0 = Release|Win32

	EndGlobalSection
	GlobalSection(SolutionProperties) = preSolution
		HideSolutionNode = FALSE
	EndGlobalSection
	GlobalSection(DPCodeReviewSolutionGUID) = preSolution
		DPCodeReviewSolutionGUID = {00000000-0000-0000-0000-000000000000}
	EndGlobalSection
EndGlobal
